
Microsoft Visual Studio Solution File, Format Version 12.00
# Visual Studio Version 17
VisualStudioVersion = 17.5.002.0
MinimumVisualStudioVersion = 10.0.40219.1
Project("{9A19103F-16F7-4668-BE54-9A1E7A4F7556}") = "QuotaOverhaul", "src/QuotaOverhaul/QuotaOverhaul.csproj", "{D16E7E9F-D8B9-4841-AF1F-B0D9F401DD5E}"
EndProject
Global
	GlobalSection(SolutionConfigurationPlatforms) = preSolution
		Debug|Any CPU = Debug|Any CPU
		Release|Any CPU = Release|Any CPU
	EndGlobalSection
	GlobalSection(ProjectConfigurationPlatforms) = postSolution
		{D16E7E9F-D8B9-4841-AF1F-B0D9F401DD5E}.Debug|Any CPU.ActiveCfg = Debug|Any CPU
		{D16E7E9F-D8B9-4841-AF1F-B0D9F401DD5E}.Debug|Any CPU.Build.0 = Debug|Any CPU
		{D16E7E9F-D8B9-4841-AF1F-B0D9F401DD5E}.Release|Any CPU.ActiveCfg = Release|Any CPU
		{D16E7E9F-D8B9-4841-AF1F-B0D9F401DD5E}.Release|Any CPU.Build.0 = Release|Any CPU
	EndGlobalSection
	GlobalSection(SolutionProperties) = preSolution
		HideSolutionNode = FALSE
	EndGlobalSection
	GlobalSection(ExtensibilityGlobals) = postSolution
		SolutionGuid = {5EC1B1FC-66AF-4B5F-9304-E4BAC589C5F9}
	EndGlobalSection
EndGlobal
